
Microsoft Visual Studio Solution File, Format Version 12.00
Project("{FAE04EC0-301F-11D3-BF4B-00C04F79EFBC}") = "FactorioLocaleSync.Library", "FactorioLocaleSync.Library\FactorioLocaleSync.Library.csproj", "{AD2D5C2E-91A2-4FC3-B3E7-51914376ECE4}"
EndProject
Project("{9A19103F-16F7-4668-BE54-9A1E7A4F7556}") = "FactorioLocaleSync.Build", "FactorioLocaleSync.Build\FactorioLocaleSync.Build.csproj", "{A48F107E-40A7-4EF2-B758-FB7AFD539518}"
EndProject
Global
	GlobalSection(SolutionConfigurationPlatforms) = preSolution
		Debug|Any CPU = Debug|Any CPU
		Release|Any CPU = Release|Any CPU
	EndGlobalSection
	GlobalSection(ProjectConfigurationPlatforms) = postSolution
		{A48F107E-40A7-4EF2-B758-FB7AFD539518}.Debug|Any CPU.ActiveCfg = Debug|Any CPU
		{A48F107E-40A7-4EF2-B758-FB7AFD539518}.Release|Any CPU.ActiveCfg = Release|Any CPU
		{AD2D5C2E-91A2-4FC3-B3E7-51914376ECE4}.Debug|Any CPU.ActiveCfg = Debug|Any CPU
		{AD2D5C2E-91A2-4FC3-B3E7-51914376ECE4}.Debug|Any CPU.Build.0 = Debug|Any CPU
		{AD2D5C2E-91A2-4FC3-B3E7-51914376ECE4}.Release|Any CPU.ActiveCfg = Release|Any CPU
		{AD2D5C2E-91A2-4FC3-B3E7-51914376ECE4}.Release|Any CPU.Build.0 = Release|Any CPU
	EndGlobalSection
EndGlobal
